
Microsoft Visual Studio Solution File, Format Version 12.00
# Visual Studio Version 17
VisualStudioVersion = 17.0.31903.59
MinimumVisualStudioVersion = 10.0.40219.1
Project("{FAE04EC0-301F-11D3-BF4B-00C04F79EFBC}") = "Dominio", "Dominio\Dominio.csproj", "{B165EC96-88E7-4392-BFB2-A65EE571FC31}"
EndProject
Project("{FAE04EC0-301F-11D3-BF4B-00C04F79EFBC}") = "Persistencia", "Persistencia\Persistencia.csproj", "{F6C0BDC4-AB50-42DE-8F00-8596A974EAB4}"
EndProject
Project("{FAE04EC0-301F-11D3-BF4B-00C04F79EFBC}") = "ApiIncidencias", "ApiIncidencias\ApiIncidencias.csproj", "{7CEA0D55-B818-4B90-B10E-AAF58E29F1EB}"
EndProject
Global
	GlobalSection(SolutionConfigurationPlatforms) = preSolution
		Debug|Any CPU = Debug|Any CPU
		Release|Any CPU = Release|Any CPU
	EndGlobalSection
	GlobalSection(SolutionProperties) = preSolution
		HideSolutionNode = FALSE
	EndGlobalSection
	GlobalSection(ProjectConfigurationPlatforms) = postSolution
		{B165EC96-88E7-4392-BFB2-A65EE571FC31}.Debug|Any CPU.ActiveCfg = Debug|Any CPU
		{B165EC96-88E7-4392-BFB2-A65EE571FC31}.Debug|Any CPU.Build.0 = Debug|Any CPU
		{B165EC96-88E7-4392-BFB2-A65EE571FC31}.Release|Any CPU.ActiveCfg = Release|Any CPU
		{B165EC96-88E7-4392-BFB2-A65EE571FC31}.Release|Any CPU.Build.0 = Release|Any CPU
		{F6C0BDC4-AB50-42DE-8F00-8596A974EAB4}.Debug|Any CPU.ActiveCfg = Debug|Any CPU
		{F6C0BDC4-AB50-42DE-8F00-8596A974EAB4}.Debug|Any CPU.Build.0 = Debug|Any CPU
		{F6C0BDC4-AB50-42DE-8F00-8596A974EAB4}.Release|Any CPU.ActiveCfg = Release|Any CPU
		{F6C0BDC4-AB50-42DE-8F00-8596A974EAB4}.Release|Any CPU.Build.0 = Release|Any CPU
		{7CEA0D55-B818-4B90-B10E-AAF58E29F1EB}.Debug|Any CPU.ActiveCfg = Debug|Any CPU
		{7CEA0D55-B818-4B90-B10E-AAF58E29F1EB}.Debug|Any CPU.Build.0 = Debug|Any CPU
		{7CEA0D55-B818-4B90-B10E-AAF58E29F1EB}.Release|Any CPU.ActiveCfg = Release|Any CPU
		{7CEA0D55-B818-4B90-B10E-AAF58E29F1EB}.Release|Any CPU.Build.0 = Release|Any CPU
	EndGlobalSection
EndGlobal
